
Microsoft Visual Studio Solution File, Format Version 12.00
# Visual Studio 15
Project("{FAE04EC0-301F-11D3-BF4B-00C04F79EFBC}") = "Virtual_Subject", "Virtual_Subject.csproj", "{28D84FB5-0AB6-7CC5-0E60-87A5887121AE}"
EndProject
Project("{FAE04EC0-301F-11D3-BF4B-00C04F79EFBC}") = "Virtual_Subject.Editor", "Virtual_Subject.Editor.csproj", "{59455AA8-7CDC-2AE4-B2D5-A1382E32CDC6}"
EndProject
Global
	GlobalSection(SolutionConfigurationPlatforms) = preSolution
		Debug|Any CPU = Debug|Any CPU
		Release|Any CPU = Release|Any CPU
	EndGlobalSection
	GlobalSection(ProjectConfigurationPlatforms) = postSolution
		{28D84FB5-0AB6-7CC5-0E60-87A5887121AE}.Debug|Any CPU.ActiveCfg = Debug|Any CPU
		{28D84FB5-0AB6-7CC5-0E60-87A5887121AE}.Debug|Any CPU.Build.0 = Debug|Any CPU
		{28D84FB5-0AB6-7CC5-0E60-87A5887121AE}.Release|Any CPU.ActiveCfg = Release|Any CPU
		{28D84FB5-0AB6-7CC5-0E60-87A5887121AE}.Release|Any CPU.Build.0 = Release|Any CPU
		{59455AA8-7CDC-2AE4-B2D5-A1382E32CDC6}.Debug|Any CPU.ActiveCfg = Debug|Any CPU
		{59455AA8-7CDC-2AE4-B2D5-A1382E32CDC6}.Debug|Any CPU.Build.0 = Debug|Any CPU
		{59455AA8-7CDC-2AE4-B2D5-A1382E32CDC6}.Release|Any CPU.ActiveCfg = Release|Any CPU
		{59455AA8-7CDC-2AE4-B2D5-A1382E32CDC6}.Release|Any CPU.Build.0 = Release|Any CPU
	EndGlobalSection
	GlobalSection(SolutionProperties) = preSolution
		HideSolutionNode = FALSE
	EndGlobalSection
EndGlobal
